
Microsoft Visual Studio Solution File, Format Version 12.00
# Visual Studio Version 17
VisualStudioVersion = 17.1.32210.238
MinimumVisualStudioVersion = 10.0.40219.1
Project("{9A19103F-16F7-4668-BE54-9A1E7A4F7556}") = "Just another RPG game", "Just another RPG game\Just another RPG game.csproj", "{28C86E34-9215-417A-8BB6-DC3DD634A331}"
EndProject
Global
	GlobalSection(SolutionConfigurationPlatforms) = preSolution
		Debug|Any CPU = Debug|Any CPU
		Release|Any CPU = Release|Any CPU
		save|Any CPU = save|Any CPU
	EndGlobalSection
	GlobalSection(ProjectConfigurationPlatforms) = postSolution
		{28C86E34-9215-417A-8BB6-DC3DD634A331}.Debug|Any CPU.ActiveCfg = Debug|Any CPU
		{28C86E34-9215-417A-8BB6-DC3DD634A331}.Debug|Any CPU.Build.0 = Debug|Any CPU
		{28C86E34-9215-417A-8BB6-DC3DD634A331}.Release|Any CPU.ActiveCfg = Release|Any CPU
		{28C86E34-9215-417A-8BB6-DC3DD634A331}.Release|Any CPU.Build.0 = Release|Any CPU
		{28C86E34-9215-417A-8BB6-DC3DD634A331}.save|Any CPU.ActiveCfg = Debug|Any CPU
		{28C86E34-9215-417A-8BB6-DC3DD634A331}.save|Any CPU.Build.0 = Debug|Any CPU
	EndGlobalSection
	GlobalSection(SolutionProperties) = preSolution
		HideSolutionNode = FALSE
	EndGlobalSection
	GlobalSection(ExtensibilityGlobals) = postSolution
		SolutionGuid = {F7C5B110-BBE8-4D6F-B820-D827F401B87F}
	EndGlobalSection
EndGlobal
